{
	"name": "lsp-sample-server",
	"version": "1.0.0",
	"lockfileVersion": 2,
	"requires": true,
	"packages": {
		"": {
			"name": "lsp-sample-server",
			"version": "1.0.0",
			"license": "MIT",
			"dependencies": {
				"@vue/compiler-sfc": "^2.7.16",
				"vscode-languageserver": "^9.0.1",
				"vscode-languageserver-textdocument": "^1.0.11",
				"vue": "^2.7.16",
				"vuetify": "^2.6.13"
			},
			"devDependencies": {
				"@types/vue": "^2.0.0"
			},
			"engines": {
				"node": "*"
			}
		},
		"node_modules/@babel/helper-string-parser": {
			"version": "7.27.1",
			"resolved": "https://registry.npmjs.org/@babel/helper-string-parser/-/helper-string-parser-7.27.1.tgz",
			"integrity": "sha512-qMlSxKbpRlAridDExk92nSobyDdpPijUq2DW6oDnUqd0iOGxmQjyqhMIihI9+zv4LPyZdRje2cavWPbCbWm3eA==",
			"license": "MIT",
			"engines": {
				"node": ">=6.9.0"
			}
		},
		"node_modules/@babel/helper-validator-identifier": {
			"version": "7.28.5",
			"resolved": "https://registry.npmjs.org/@babel/helper-validator-identifier/-/helper-validator-identifier-7.28.5.tgz",
			"integrity": "sha512-qSs4ifwzKJSV39ucNjsvc6WVHs6b7S03sOh2OcHF9UHfVPqWWALUsNUVzhSBiItjRZoLHx7nIarVjqKVusUZ1Q==",
			"license": "MIT",
			"engines": {
				"node": ">=6.9.0"
			}
		},
		"node_modules/@babel/parser": {
			"version": "7.29.0",
			"resolved": "https://registry.npmjs.org/@babel/parser/-/parser-7.29.0.tgz",
			"integrity": "sha512-IyDgFV5GeDUVX4YdF/3CPULtVGSXXMLh1xVIgdCgxApktqnQV0r7/8Nqthg+8YLGaAtdyIlo2qIdZrbCv4+7ww==",
			"license": "MIT",
			"dependencies": {
				"@babel/types": "^7.29.0"
			},
			"bin": {
				"parser": "bin/babel-parser.js"
			},
			"engines": {
				"node": ">=6.0.0"
			}
		},
		"node_modules/@babel/types": {
			"version": "7.29.0",
			"resolved": "https://registry.npmjs.org/@babel/types/-/types-7.29.0.tgz",
			"integrity": "sha512-LwdZHpScM4Qz8Xw2iKSzS+cfglZzJGvofQICy7W7v4caru4EaAmyUuO6BGrbyQ2mYV11W0U8j5mBhd14dd3B0A==",
			"license": "MIT",
			"dependencies": {
				"@babel/helper-string-parser": "^7.27.1",
				"@babel/helper-validator-identifier": "^7.28.5"
			},
			"engines": {
				"node": ">=6.9.0"
			}
		},
		"node_modules/@types/vue": {
			"version": "2.0.0",
			"resolved": "https://registry.npmjs.org/@types/vue/-/vue-2.0.0.tgz",
			"integrity": "sha512-WDElkBv/o4lVwu6wYHB06AXs4Xo2fwDjJUpvPRc1QQdzkUSiGFjrYuSCy8raxLE5FObgKq8ND7R5gSZTFLK60w==",
			"deprecated": "This is a stub types definition for vuejs (https://github.com/vuejs/vue). vuejs provides its own type definitions, so you don't need @types/vue installed!",
			"dev": true,
			"license": "MIT",
			"dependencies": {
				"vue": "*"
			}
		},
		"node_modules/@vue/compiler-sfc": {
			"version": "2.7.16",
			"resolved": "https://registry.npmjs.org/@vue/compiler-sfc/-/compiler-sfc-2.7.16.tgz",
			"integrity": "sha512-KWhJ9k5nXuNtygPU7+t1rX6baZeqOYLEforUPjgNDBnLicfHCoi48H87Q8XyLZOrNNsmhuwKqtpDQWjEFe6Ekg==",
			"dependencies": {
				"@babel/parser": "^7.23.5",
				"postcss": "^8.4.14",
				"source-map": "^0.6.1"
			},
			"optionalDependencies": {
				"prettier": "^1.18.2 || ^2.0.0"
			}
		},
		"node_modules/csstype": {
			"version": "3.2.3",
			"resolved": "https://registry.npmjs.org/csstype/-/csstype-3.2.3.tgz",
			"integrity": "sha512-z1HGKcYy2xA8AGQfwrn0PAy+PB7X/GSj3UVJW9qKyn43xWa+gl5nXmU4qqLMRzWVLFC8KusUX8T/0kCiOYpAIQ==",
			"license": "MIT"
		},
		"node_modules/nanoid": {
			"version": "3.3.11",
			"resolved": "https://registry.npmjs.org/nanoid/-/nanoid-3.3.11.tgz",
			"integrity": "sha512-N8SpfPUnUp1bK+PMYW8qSWdl9U+wwNWI4QKxOYDy9JAro3WMX7p2OeVRF9v+347pnakNevPmiHhNmZ2HbFA76w==",
			"funding": [
				{
					"type": "github",
					"url": "https://github.com/sponsors/ai"
				}
			],
			"license": "MIT",
			"bin": {
				"nanoid": "bin/nanoid.cjs"
			},
			"engines": {
				"node": "^10 || ^12 || ^13.7 || ^14 || >=15.0.1"
			}
		},
		"node_modules/picocolors": {
			"version": "1.1.1",
			"resolved": "https://registry.npmjs.org/picocolors/-/picocolors-1.1.1.tgz",
			"integrity": "sha512-xceH2snhtb5M9liqDsmEw56le376mTZkEX/jEb/RxNFyegNul7eNslCXP9FDj/Lcu0X8KEyMceP2ntpaHrDEVA==",
			"license": "ISC"
		},
		"node_modules/postcss": {
			"version": "8.5.6",
			"resolved": "https://registry.npmjs.org/postcss/-/postcss-8.5.6.tgz",
			"integrity": "sha512-3Ybi1tAuwAP9s0r1UQ2J4n5Y0G05bJkpUIO0/bI9MhwmD70S5aTWbXGBwxHrelT+XM1k6dM0pk+SwNkpTRN7Pg==",
			"funding": [
				{
					"type": "opencollective",
					"url": "https://opencollective.com/postcss/"
				},
				{
					"type": "tidelift",
					"url": "https://tidelift.com/funding/github/npm/postcss"
				},
				{
					"type": "github",
					"url": "https://github.com/sponsors/ai"
				}
			],
			"license": "MIT",
			"dependencies": {
				"nanoid": "^3.3.11",
				"picocolors": "^1.1.1",
				"source-map-js": "^1.2.1"
			},
			"engines": {
				"node": "^10 || ^12 || >=14"
			}
		},
		"node_modules/prettier": {
			"version": "2.8.8",
			"resolved": "https://registry.npmjs.org/prettier/-/prettier-2.8.8.tgz",
			"integrity": "sha512-tdN8qQGvNjw4CHbY+XXk0JgCXn9QiF21a55rBe5LJAU+kDyC4WQn4+awm2Xfk2lQMk5fKup9XgzTZtGkjBdP9Q==",
			"license": "MIT",
			"optional": true,
			"bin": {
				"prettier": "bin-prettier.js"
			},
			"engines": {
				"node": ">=10.13.0"
			},
			"funding": {
				"url": "https://github.com/prettier/prettier?sponsor=1"
			}
		},
		"node_modules/source-map": {
			"version": "0.6.1",
			"resolved": "https://registry.npmjs.org/source-map/-/source-map-0.6.1.tgz",
			"integrity": "sha512-UjgapumWlbMhkBgzT7Ykc5YXUT46F0iKu8SGXq0bcwP5dz/h0Plj6enJqjz1Zbq2l5WaqYnrVbwWOWMyF3F47g==",
			"license": "BSD-3-Clause",
			"engines": {
				"node": ">=0.10.0"
			}
		},
		"node_modules/source-map-js": {
			"version": "1.2.1",
			"resolved": "https://registry.npmjs.org/source-map-js/-/source-map-js-1.2.1.tgz",
			"integrity": "sha512-UXWMKhLOwVKb728IUtQPXxfYU+usdybtUrK/8uGE8CQMvrhOpwvzDBwj0QhSL7MQc7vIsISBG8VQ8+IDQxpfQA==",
			"license": "BSD-3-Clause",
			"engines": {
				"node": ">=0.10.0"
			}
		},
		"node_modules/vscode-jsonrpc": {
			"version": "8.2.0",
			"resolved": "https://registry.npmjs.org/vscode-jsonrpc/-/vscode-jsonrpc-8.2.0.tgz",
			"integrity": "sha512-C+r0eKJUIfiDIfwJhria30+TYWPtuHJXHtI7J0YlOmKAo7ogxP20T0zxB7HZQIFhIyvoBPwWskjxrvAtfjyZfA==",
			"engines": {
				"node": ">=14.0.0"
			}
		},
		"node_modules/vscode-languageserver": {
			"version": "9.0.1",
			"resolved": "https://registry.npmjs.org/vscode-languageserver/-/vscode-languageserver-9.0.1.tgz",
			"integrity": "sha512-woByF3PDpkHFUreUa7Hos7+pUWdeWMXRd26+ZX2A8cFx6v/JPTtd4/uN0/jB6XQHYaOlHbio03NTHCqrgG5n7g==",
			"dependencies": {
				"vscode-languageserver-protocol": "3.17.5"
			},
			"bin": {
				"installServerIntoExtension": "bin/installServerIntoExtension"
			}
		},
		"node_modules/vscode-languageserver-protocol": {
			"version": "3.17.5",
			"resolved": "https://registry.npmjs.org/vscode-languageserver-protocol/-/vscode-languageserver-protocol-3.17.5.tgz",
			"integrity": "sha512-mb1bvRJN8SVznADSGWM9u/b07H7Ecg0I3OgXDuLdn307rl/J3A9YD6/eYOssqhecL27hK1IPZAsaqh00i/Jljg==",
			"dependencies": {
				"vscode-jsonrpc": "8.2.0",
				"vscode-languageserver-types": "3.17.5"
			}
		},
		"node_modules/vscode-languageserver-textdocument": {
			"version": "1.0.11",
			"resolved": "https://registry.npmjs.org/vscode-languageserver-textdocument/-/vscode-languageserver-textdocument-1.0.11.tgz",
			"integrity": "sha512-X+8T3GoiwTVlJbicx/sIAF+yuJAqz8VvwJyoMVhwEMoEKE/fkDmrqUgDMyBECcM2A2frVZIUj5HI/ErRXCfOeA=="
		},
		"node_modules/vscode-languageserver-types": {
			"version": "3.17.5",
			"resolved": "https://registry.npmjs.org/vscode-languageserver-types/-/vscode-languageserver-types-3.17.5.tgz",
			"integrity": "sha512-Ld1VelNuX9pdF39h2Hgaeb5hEZM2Z3jUrrMgWQAu82jMtZp7p3vJT3BzToKtZI7NgQssZje5o0zryOrhQvzQAg=="
		},
		"node_modules/vue": {
			"version": "2.7.16",
			"resolved": "https://registry.npmjs.org/vue/-/vue-2.7.16.tgz",
			"integrity": "sha512-4gCtFXaAA3zYZdTp5s4Hl2sozuySsgz4jy1EnpBHNfpMa9dK1ZCG7viqBPCwXtmgc8nHqUsAu3G4gtmXkkY3Sw==",
			"deprecated": "Vue 2 has reached EOL and is no longer actively maintained. See https://v2.vuejs.org/eol/ for more details.",
			"license": "MIT",
			"peer": true,
			"dependencies": {
				"@vue/compiler-sfc": "2.7.16",
				"csstype": "^3.1.0"
			}
		},
		"node_modules/vuetify": {
			"version": "2.6.13",
			"resolved": "https://registry.npmjs.org/vuetify/-/vuetify-2.6.13.tgz",
			"integrity": "sha512-HhJi52IzhfrmWFwcYFUiA1GRIzz9smbR06Lj61Ml5HgD5PBcMiDywUnNPVid1VsXO4qWpBU6kO3O89uTxH1yzw==",
			"license": "MIT",
			"funding": {
				"type": "github",
				"url": "https://github.com/sponsors/johnleider"
			},
			"peerDependencies": {
				"vue": "^2.6.4"
			}
		}
	},
	"dependencies": {
		"@babel/helper-string-parser": {
			"version": "7.27.1",
			"resolved": "https://registry.npmjs.org/@babel/helper-string-parser/-/helper-string-parser-7.27.1.tgz",
			"integrity": "sha512-qMlSxKbpRlAridDExk92nSobyDdpPijUq2DW6oDnUqd0iOGxmQjyqhMIihI9+zv4LPyZdRje2cavWPbCbWm3eA=="
		},
		"@babel/helper-validator-identifier": {
			"version": "7.28.5",
			"resolved": "https://registry.npmjs.org/@babel/helper-validator-identifier/-/helper-validator-identifier-7.28.5.tgz",
			"integrity": "sha512-qSs4ifwzKJSV39ucNjsvc6WVHs6b7S03sOh2OcHF9UHfVPqWWALUsNUVzhSBiItjRZoLHx7nIarVjqKVusUZ1Q=="
		},
		"@babel/parser": {
			"version": "7.29.0",
			"resolved": "https://registry.npmjs.org/@babel/parser/-/parser-7.29.0.tgz",
			"integrity": "sha512-IyDgFV5GeDUVX4YdF/3CPULtVGSXXMLh1xVIgdCgxApktqnQV0r7/8Nqthg+8YLGaAtdyIlo2qIdZrbCv4+7ww==",
			"requires": {
				"@babel/types": "^7.29.0"
			}
		},
		"@babel/types": {
			"version": "7.29.0",
			"resolved": "https://registry.npmjs.org/@babel/types/-/types-7.29.0.tgz",
			"integrity": "sha512-LwdZHpScM4Qz8Xw2iKSzS+cfglZzJGvofQICy7W7v4caru4EaAmyUuO6BGrbyQ2mYV11W0U8j5mBhd14dd3B0A==",
			"requires": {
				"@babel/helper-string-parser": "^7.27.1",
				"@babel/helper-validator-identifier": "^7.28.5"
			}
		},
		"@types/vue": {
			"version": "2.0.0",
			"resolved": "https://registry.npmjs.org/@types/vue/-/vue-2.0.0.tgz",
			"integrity": "sha512-WDElkBv/o4lVwu6wYHB06AXs4Xo2fwDjJUpvPRc1QQdzkUSiGFjrYuSCy8raxLE5FObgKq8ND7R5gSZTFLK60w==",
			"dev": true,
			"requires": {
				"vue": "*"
			}
		},
		"@vue/compiler-sfc": {
			"version": "2.7.16",
			"resolved": "https://registry.npmjs.org/@vue/compiler-sfc/-/compiler-sfc-2.7.16.tgz",
			"integrity": "sha512-KWhJ9k5nXuNtygPU7+t1rX6baZeqOYLEforUPjgNDBnLicfHCoi48H87Q8XyLZOrNNsmhuwKqtpDQWjEFe6Ekg==",
			"requires": {
				"@babel/parser": "^7.23.5",
				"postcss": "^8.4.14",
				"prettier": "^1.18.2 || ^2.0.0",
				"source-map": "^0.6.1"
			}
		},
		"csstype": {
			"version": "3.2.3",
			"resolved": "https://registry.npmjs.org/csstype/-/csstype-3.2.3.tgz",
			"integrity": "sha512-z1HGKcYy2xA8AGQfwrn0PAy+PB7X/GSj3UVJW9qKyn43xWa+gl5nXmU4qqLMRzWVLFC8KusUX8T/0kCiOYpAIQ=="
		},
		"nanoid": {
			"version": "3.3.11",
			"resolved": "https://registry.npmjs.org/nanoid/-/nanoid-3.3.11.tgz",
			"integrity": "sha512-N8SpfPUnUp1bK+PMYW8qSWdl9U+wwNWI4QKxOYDy9JAro3WMX7p2OeVRF9v+347pnakNevPmiHhNmZ2HbFA76w=="
		},
		"picocolors": {
			"version": "1.1.1",
			"resolved": "https://registry.npmjs.org/picocolors/-/picocolors-1.1.1.tgz",
			"integrity": "sha512-xceH2snhtb5M9liqDsmEw56le376mTZkEX/jEb/RxNFyegNul7eNslCXP9FDj/Lcu0X8KEyMceP2ntpaHrDEVA=="
		},
		"postcss": {
			"version": "8.5.6",
			"resolved": "https://registry.npmjs.org/postcss/-/postcss-8.5.6.tgz",
			"integrity": "sha512-3Ybi1tAuwAP9s0r1UQ2J4n5Y0G05bJkpUIO0/bI9MhwmD70S5aTWbXGBwxHrelT+XM1k6dM0pk+SwNkpTRN7Pg==",
			"requires": {
				"nanoid": "^3.3.11",
				"picocolors": "^1.1.1",
				"source-map-js": "^1.2.1"
			}
		},
		"prettier": {
			"version": "2.8.8",
			"resolved": "https://registry.npmjs.org/prettier/-/prettier-2.8.8.tgz",
			"integrity": "sha512-tdN8qQGvNjw4CHbY+XXk0JgCXn9QiF21a55rBe5LJAU+kDyC4WQn4+awm2Xfk2lQMk5fKup9XgzTZtGkjBdP9Q==",
			"optional": true
		},
		"source-map": {
			"version": "0.6.1",
			"resolved": "https://registry.npmjs.org/source-map/-/source-map-0.6.1.tgz",
			"integrity": "sha512-UjgapumWlbMhkBgzT7Ykc5YXUT46F0iKu8SGXq0bcwP5dz/h0Plj6enJqjz1Zbq2l5WaqYnrVbwWOWMyF3F47g=="
		},
		"source-map-js": {
			"version": "1.2.1",
			"resolved": "https://registry.npmjs.org/source-map-js/-/source-map-js-1.2.1.tgz",
			"integrity": "sha512-UXWMKhLOwVKb728IUtQPXxfYU+usdybtUrK/8uGE8CQMvrhOpwvzDBwj0QhSL7MQc7vIsISBG8VQ8+IDQxpfQA=="
		},
		"vscode-jsonrpc": {
			"version": "8.2.0",
			"resolved": "https://registry.npmjs.org/vscode-jsonrpc/-/vscode-jsonrpc-8.2.0.tgz",
			"integrity": "sha512-C+r0eKJUIfiDIfwJhria30+TYWPtuHJXHtI7J0YlOmKAo7ogxP20T0zxB7HZQIFhIyvoBPwWskjxrvAtfjyZfA=="
		},
		"vscode-languageserver": {
			"version": "9.0.1",
			"resolved": "https://registry.npmjs.org/vscode-languageserver/-/vscode-languageserver-9.0.1.tgz",
			"integrity": "sha512-woByF3PDpkHFUreUa7Hos7+pUWdeWMXRd26+ZX2A8cFx6v/JPTtd4/uN0/jB6XQHYaOlHbio03NTHCqrgG5n7g==",
			"requires": {
				"vscode-languageserver-protocol": "3.17.5"
			}
		},
		"vscode-languageserver-protocol": {
			"version": "3.17.5",
			"resolved": "https://registry.npmjs.org/vscode-languageserver-protocol/-/vscode-languageserver-protocol-3.17.5.tgz",
			"integrity": "sha512-mb1bvRJN8SVznADSGWM9u/b07H7Ecg0I3OgXDuLdn307rl/J3A9YD6/eYOssqhecL27hK1IPZAsaqh00i/Jljg==",
			"requires": {
				"vscode-jsonrpc": "8.2.0",
				"vscode-languageserver-types": "3.17.5"
			}
		},
		"vscode-languageserver-textdocument": {
			"version": "1.0.11",
			"resolved": "https://registry.npmjs.org/vscode-languageserver-textdocument/-/vscode-languageserver-textdocument-1.0.11.tgz",
			"integrity": "sha512-X+8T3GoiwTVlJbicx/sIAF+yuJAqz8VvwJyoMVhwEMoEKE/fkDmrqUgDMyBECcM2A2frVZIUj5HI/ErRXCfOeA=="
		},
		"vscode-languageserver-types": {
			"version": "3.17.5",
			"resolved": "https://registry.npmjs.org/vscode-languageserver-types/-/vscode-languageserver-types-3.17.5.tgz",
			"integrity": "sha512-Ld1VelNuX9pdF39h2Hgaeb5hEZM2Z3jUrrMgWQAu82jMtZp7p3vJT3BzToKtZI7NgQssZje5o0zryOrhQvzQAg=="
		},
		"vue": {
			"version": "2.7.16",
			"resolved": "https://registry.npmjs.org/vue/-/vue-2.7.16.tgz",
			"integrity": "sha512-4gCtFXaAA3zYZdTp5s4Hl2sozuySsgz4jy1EnpBHNfpMa9dK1ZCG7viqBPCwXtmgc8nHqUsAu3G4gtmXkkY3Sw==",
			"peer": true,
			"requires": {
				"@vue/compiler-sfc": "2.7.16",
				"csstype": "^3.1.0"
			}
		},
		"vuetify": {
			"version": "2.6.13",
			"resolved": "https://registry.npmjs.org/vuetify/-/vuetify-2.6.13.tgz",
			"integrity": "sha512-HhJi52IzhfrmWFwcYFUiA1GRIzz9smbR06Lj61Ml5HgD5PBcMiDywUnNPVid1VsXO4qWpBU6kO3O89uTxH1yzw==",
			"requires": {}
		}
	}
}
